
Microsoft Visual Studio Solution File, Format Version 12.00
# Visual Studio 14
VisualStudioVersion = 14.0.23107.0
MinimumVisualStudioVersion = 10.0.40219.1
Project("{FAE04EC0-301F-11D3-BF4B-00C04F79EFBC}") = "CampaignManager", "CampaignManager\CampaignManager.csproj", "{73E58A78-7114-4F6A-9F98-7892F9D5A5B5}"
EndProject
Project("{FAE04EC0-301F-11D3-BF4B-00C04F79EFBC}") = "DataAccess", "DataAccess\DataAccess.csproj", "{7C49F839-8B3F-49A7-8796-03ED8E6FD298}"
EndProject
Global
	GlobalSection(SolutionConfigurationPlatforms) = preSolution
		Debug|Any CPU = Debug|Any CPU
		Release|Any CPU = Release|Any CPU
	EndGlobalSection
	GlobalSection(ProjectConfigurationPlatforms) = postSolution
		{73E58A78-7114-4F6A-9F98-7892F9D5A5B5}.Debug|Any CPU.ActiveCfg = Debug|Any CPU
		{73E58A78-7114-4F6A-9F98-7892F9D5A5B5}.Debug|Any CPU.Build.0 = Debug|Any CPU
		{73E58A78-7114-4F6A-9F98-7892F9D5A5B5}.Release|Any CPU.ActiveCfg = Release|Any CPU
		{73E58A78-7114-4F6A-9F98-7892F9D5A5B5}.Release|Any CPU.Build.0 = Release|Any CPU
		{7C49F839-8B3F-49A7-8796-03ED8E6FD298}.Debug|Any CPU.ActiveCfg = Debug|Any CPU
		{7C49F839-8B3F-49A7-8796-03ED8E6FD298}.Debug|Any CPU.Build.0 = Debug|Any CPU
		{7C49F839-8B3F-49A7-8796-03ED8E6FD298}.Release|Any CPU.ActiveCfg = Release|Any CPU
		{7C49F839-8B3F-49A7-8796-03ED8E6FD298}.Release|Any CPU.Build.0 = Release|Any CPU
	EndGlobalSection
	GlobalSection(SolutionProperties) = preSolution
		HideSolutionNode = FALSE
	EndGlobalSection
EndGlobal
